<?xml version="1.0" encoding="UTF-8" standalone="yes" ?>
<CodeBlocks_project_file>
	<FileVersion major="1" minor="6" />
	<Project>
		<Option title="KiCad2sycira" />
		<Option pch_mode="2" />
		<Option compiler="gcc" />
		<Build>
			<Target title="Debug">
				<Option output="bin/Debug/KiCad2sycira" prefix_auto="1" extension_auto="1" />
				<Option object_output="obj/Debug/" />
				<Option type="1" />
				<Option compiler="gcc" />
				<Option parameters="kicad_test.xml blabla.mac" />
				<Compiler>
					<Add option="-g" />
				</Compiler>
				<Linker>
					<Add library="zip" />
					<Add library="tinyxml2" />
				</Linker>
			</Target>
			<Target title="Release">
				<Option output="bin/Release/KiCad2sycira" prefix_auto="1" extension_auto="1" />
				<Option object_output="obj/Release/" />
				<Option type="1" />
				<Option compiler="gcc" />
				<Option parameters="kicad_test.xml blabla.mac" />
				<Compiler>
					<Add option="-O2" />
				</Compiler>
				<Linker>
					<Add option="-s" />
					<Add library="zip" />
					<Add library="tinyxml2" />
				</Linker>
			</Target>
		</Build>
		<Compiler>
			<Add option="-Wall" />
			<Add option="-fexceptions" />
			<Add option="-std=c++17" />
			<Add directory="include" />
		</Compiler>
		<Unit filename="include/CreatMaximaSession.h" />
		<Unit filename="include/KiCad2sycira.h" />
		<Unit filename="src/CreatMaximaSession.cpp" />
		<Unit filename="src/KiCad2sycira.cpp" />
		<Extensions>
			<code_completion />
			<envvars />
			<debugger />
		</Extensions>
	</Project>
</CodeBlocks_project_file>
